<?xml version="1.0" encoding="utf-8"?>
<Project ToolsVersion="4.0" xmlns="http://schemas.microsoft.com/developer/msbuild/2003">
  <ItemGroup>
    <Filter Include="include">
      <UniqueIdentifier>{6dc24dda-7351-4e54-0000-000000000000}</UniqueIdentifier>
    </Filter>
    <Filter Include="src">
      <UniqueIdentifier>{6dc24dda-7351-4e54-0001-000000000000}</UniqueIdentifier>
    </Filter>
    <Filter Include="src\audio">
      <UniqueIdentifier>{6dc24dda-7351-4e54-0001-000000000001}</UniqueIdentifier>
    </Filter>
    <Filter Include="src\codec">
      <UniqueIdentifier>{6dc24dda-7351-4e54-0001-000000000002}</UniqueIdentifier>
    </Filter>
    <Filter Include="src\crashlog">
      <UniqueIdentifier>{6dc24dda-7351-4e54-0001-000000000003}</UniqueIdentifier>
    </Filter>
    <Filter Include="src\gui">
      <UniqueIdentifier>{6dc24dda-7351-4e54-0001-000000000004}</UniqueIdentifier>
    </Filter>
    <Filter Include="src\input">
      <UniqueIdentifier>{6dc24dda-7351-4e54-0001-000000000005}</UniqueIdentifier>
    </Filter>
    <Filter Include="src\os">
      <UniqueIdentifier>{6dc24dda-7351-4e54-0001-000000000006}</UniqueIdentifier>
    </Filter>
    <Filter Include="src\pool">
      <UniqueIdentifier>{6dc24dda-7351-4e54-0001-000000000007}</UniqueIdentifier>
    </Filter>
    <Filter Include="src\saveload">
      <UniqueIdentifier>{6dc24dda-7351-4e54-0001-000000000008}</UniqueIdentifier>
    </Filter>
    <Filter Include="src\script">
      <UniqueIdentifier>{6dc24dda-7351-4e54-0001-000000000009}</UniqueIdentifier>
    </Filter>
    <Filter Include="src\table">
      <UniqueIdentifier>{6dc24dda-7351-4e54-0001-000000000010}</UniqueIdentifier>
    </Filter>
    <Filter Include="src\video">
      <UniqueIdentifier>{6dc24dda-7351-4e54-0001-000000000011}</UniqueIdentifier>
    </Filter>
  </ItemGroup>
  <ItemGroup>
    <ClInclude Include="..\include\types.h">
      <Filter>include</Filter>
    </ClInclude>
    <ClCompile Include="..\src\animation.c">
      <Filter>src</Filter>
    </ClCompile>
    <ClInclude Include="..\src\animation.h">
      <Filter>src</Filter>
    </ClInclude>
    <ClCompile Include="..\src\config.c">
      <Filter>src</Filter>
    </ClCompile>
    <ClInclude Include="..\src\config.h">
      <Filter>src</Filter>
    </ClInclude>
    <ClCompile Include="..\src\explosion.c">
      <Filter>src</Filter>
    </ClCompile>
    <ClInclude Include="..\src\explosion.h">
      <Filter>src</Filter>
    </ClInclude>
    <ClCompile Include="..\src\file.c">
      <Filter>src</Filter>
    </ClCompile>
    <ClInclude Include="..\src\file.h">
      <Filter>src</Filter>
    </ClInclude>
    <ClCompile Include="..\src\gfx.c">
      <Filter>src</Filter>
    </ClCompile>
    <ClInclude Include="..\src\gfx.h">
      <Filter>src</Filter>
    </ClInclude>
    <ClCompile Include="..\src\house.c">
      <Filter>src</Filter>
    </ClCompile>
    <ClInclude Include="..\src\house.h">
      <Filter>src</Filter>
    </ClInclude>
    <ClCompile Include="..\src\ini.c">
      <Filter>src</Filter>
    </ClCompile>
    <ClInclude Include="..\src\ini.h">
      <Filter>src</Filter>
    </ClInclude>
    <ClCompile Include="..\src\load.c">
      <Filter>src</Filter>
    </ClCompile>
    <ClInclude Include="..\src\load.h">
      <Filter>src</Filter>
    </ClInclude>
    <ClCompile Include="..\src\map.c">
      <Filter>src</Filter>
    </ClCompile>
    <ClInclude Include="..\src\map.h">
      <Filter>src</Filter>
    </ClInclude>
    <ClCompile Include="..\src\object.c">
      <Filter>src</Filter>
    </ClCompile>
    <ClInclude Include="..\src\object.h">
      <Filter>src</Filter>
    </ClInclude>
    <ClCompile Include="..\src\opendune.c">
      <Filter>src</Filter>
    </ClCompile>
    <ClInclude Include="..\src\opendune.h">
      <Filter>src</Filter>
    </ClInclude>
    <ClCompile Include="..\src\rev.c">
      <Filter>src</Filter>
    </ClCompile>
    <ClInclude Include="..\src\rev.h">
      <Filter>src</Filter>
    </ClInclude>
    <ClCompile Include="..\src\save.c">
      <Filter>src</Filter>
    </ClCompile>
    <ClInclude Include="..\src\save.h">
      <Filter>src</Filter>
    </ClInclude>
    <ClCompile Include="..\src\scenario.c">
      <Filter>src</Filter>
    </ClCompile>
    <ClInclude Include="..\src\scenario.h">
      <Filter>src</Filter>
    </ClInclude>
    <ClCompile Include="..\src\sprites.c">
      <Filter>src</Filter>
    </ClCompile>
    <ClInclude Include="..\src\sprites.h">
      <Filter>src</Filter>
    </ClInclude>
    <ClCompile Include="..\src\string.c">
      <Filter>src</Filter>
    </ClCompile>
    <ClInclude Include="..\src\string.h">
      <Filter>src</Filter>
    </ClInclude>
    <ClCompile Include="..\src\structure.c">
      <Filter>src</Filter>
    </ClCompile>
    <ClInclude Include="..\src\structure.h">
      <Filter>src</Filter>
    </ClInclude>
    <ClCompile Include="..\src\team.c">
      <Filter>src</Filter>
    </ClCompile>
    <ClInclude Include="..\src\team.h">
      <Filter>src</Filter>
    </ClInclude>
    <ClCompile Include="..\src\tile.c">
      <Filter>src</Filter>
    </ClCompile>
    <ClInclude Include="..\src\tile.h">
      <Filter>src</Filter>
    </ClInclude>
    <ClCompile Include="..\src\timer.c">
      <Filter>src</Filter>
    </ClCompile>
    <ClInclude Include="..\src\timer.h">
      <Filter>src</Filter>
    </ClInclude>
    <ClCompile Include="..\src\tools.c">
      <Filter>src</Filter>
    </ClCompile>
    <ClInclude Include="..\src\tools.h">
      <Filter>src</Filter>
    </ClInclude>
    <ClCompile Include="..\src\unit.c">
      <Filter>src</Filter>
    </ClCompile>
    <ClInclude Include="..\src\unit.h">
      <Filter>src</Filter>
    </ClInclude>
    <ClCompile Include="..\src\wsa.c">
      <Filter>src</Filter>
    </ClCompile>
    <ClInclude Include="..\src\wsa.h">
      <Filter>src</Filter>
    </ClInclude>
    <ClCompile Include="..\src\audio\driver.c">
      <Filter>src\audio</Filter>
    </ClCompile>
    <ClInclude Include="..\src\audio\driver.h">
      <Filter>src\audio</Filter>
    </ClInclude>
    <ClInclude Include="..\src\audio\dsp.h">
      <Filter>src\audio</Filter>
    </ClInclude>
    <ClCompile Include="..\src\audio\dsp_alsa.c">
      <Filter>src\audio</Filter>
    </ClCompile>
    <ClCompile Include="..\src\audio\dsp_none.c">
      <Filter>src\audio</Filter>
    </ClCompile>
    <ClCompile Include="..\src\audio\dsp_sdl.c">
      <Filter>src\audio</Filter>
    </ClCompile>
    <ClCompile Include="..\src\audio\dsp_win32.c">
      <Filter>src\audio</Filter>
    </ClCompile>
    <ClInclude Include="..\src\audio\midi.h">
      <Filter>src\audio</Filter>
    </ClInclude>
    <ClCompile Include="..\src\audio\midi_alsa.c">
      <Filter>src\audio</Filter>
    </ClCompile>
    <ClCompile Include="..\src\audio\midi_none.c">
      <Filter>src\audio</Filter>
    </ClCompile>
    <ClCompile Include="..\src\audio\midi_win32.c">
      <Filter>src\audio</Filter>
    </ClCompile>
    <ClCompile Include="..\src\audio\mt32mpu.c">
      <Filter>src\audio</Filter>
    </ClCompile>
    <ClInclude Include="..\src\audio\mt32mpu.h">
      <Filter>src\audio</Filter>
    </ClInclude>
    <ClCompile Include="..\src\audio\sound.c">
      <Filter>src\audio</Filter>
    </ClCompile>
    <ClInclude Include="..\src\audio\sound.h">
      <Filter>src\audio</Filter>
    </ClInclude>
    <ClCompile Include="..\src\codec\format40.c">
      <Filter>src\codec</Filter>
    </ClCompile>
    <ClInclude Include="..\src\codec\format40.h">
      <Filter>src\codec</Filter>
    </ClInclude>
    <ClCompile Include="..\src\codec\format80.c">
      <Filter>src\codec</Filter>
    </ClCompile>
    <ClInclude Include="..\src\codec\format80.h">
      <Filter>src\codec</Filter>
    </ClInclude>
    <ClCompile Include="..\src\crashlog\crashlog.c">
      <Filter>src\crashlog</Filter>
    </ClCompile>
    <ClInclude Include="..\src\crashlog\crashlog.h">
      <Filter>src\crashlog</Filter>
    </ClInclude>
    <ClCompile Include="..\src\crashlog\crashlog_none.c">
      <Filter>src\crashlog</Filter>
    </ClCompile>
    <ClCompile Include="..\src\crashlog\crashlog_win32.c">
      <Filter>src\crashlog</Filter>
    </ClCompile>
    <ClCompile Include="..\src\gui\editbox.c">
      <Filter>src\gui</Filter>
    </ClCompile>
    <ClCompile Include="..\src\gui\font.c">
      <Filter>src\gui</Filter>
    </ClCompile>
    <ClInclude Include="..\src\gui\font.h">
      <Filter>src\gui</Filter>
    </ClInclude>
    <ClCompile Include="..\src\gui\gui.c">
      <Filter>src\gui</Filter>
    </ClCompile>
    <ClInclude Include="..\src\gui\gui.h">
      <Filter>src\gui</Filter>
    </ClInclude>
    <ClCompile Include="..\src\gui\mentat.c">
      <Filter>src\gui</Filter>
    </ClCompile>
    <ClInclude Include="..\src\gui\mentat.h">
      <Filter>src\gui</Filter>
    </ClInclude>
    <ClCompile Include="..\src\gui\security.c">
      <Filter>src\gui</Filter>
    </ClCompile>
    <ClInclude Include="..\src\gui\security.h">
      <Filter>src\gui</Filter>
    </ClInclude>
    <ClCompile Include="..\src\gui\viewport.c">
      <Filter>src\gui</Filter>
    </ClCompile>
    <ClCompile Include="..\src\gui\widget.c">
      <Filter>src\gui</Filter>
    </ClCompile>
    <ClInclude Include="..\src\gui\widget.h">
      <Filter>src\gui</Filter>
    </ClInclude>
    <ClCompile Include="..\src\gui\widget_click.c">
      <Filter>src\gui</Filter>
    </ClCompile>
    <ClCompile Include="..\src\gui\widget_draw.c">
      <Filter>src\gui</Filter>
    </ClCompile>
    <ClCompile Include="..\src\input\input.c">
      <Filter>src\input</Filter>
    </ClCompile>
    <ClInclude Include="..\src\input\input.h">
      <Filter>src\input</Filter>
    </ClInclude>
    <ClCompile Include="..\src\input\mouse.c">
      <Filter>src\input</Filter>
    </ClCompile>
    <ClInclude Include="..\src\input\mouse.h">
      <Filter>src\input</Filter>
    </ClInclude>
    <ClInclude Include="..\src\os\common.h">
      <Filter>src\os</Filter>
    </ClInclude>
    <ClInclude Include="..\src\os\endian.h">
      <Filter>src\os</Filter>
    </ClInclude>
    <ClCompile Include="..\src\os\error.c">
      <Filter>src\os</Filter>
    </ClCompile>
    <ClInclude Include="..\src\os\error.h">
      <Filter>src\os</Filter>
    </ClInclude>
    <ClCompile Include="..\src\os\error_win32.c">
      <Filter>src\os</Filter>
    </ClCompile>
    <ClInclude Include="..\src\os\file.h">
      <Filter>src\os</Filter>
    </ClInclude>
    <ClInclude Include="..\src\os\math.h">
      <Filter>src\os</Filter>
    </ClInclude>
    <ClInclude Include="..\src\os\sleep.h">
      <Filter>src\os</Filter>
    </ClInclude>
    <ClInclude Include="..\src\os\strings.h">
      <Filter>src\os</Filter>
    </ClInclude>
    <ClCompile Include="..\src\pool\house.c">
      <Filter>src\pool</Filter>
    </ClCompile>
    <ClInclude Include="..\src\pool\house.h">
      <Filter>src\pool</Filter>
    </ClInclude>
    <ClInclude Include="..\src\pool\pool.h">
      <Filter>src\pool</Filter>
    </ClInclude>
    <ClCompile Include="..\src\pool\structure.c">
      <Filter>src\pool</Filter>
    </ClCompile>
    <ClInclude Include="..\src\pool\structure.h">
      <Filter>src\pool</Filter>
    </ClInclude>
    <ClCompile Include="..\src\pool\team.c">
      <Filter>src\pool</Filter>
    </ClCompile>
    <ClInclude Include="..\src\pool\team.h">
      <Filter>src\pool</Filter>
    </ClInclude>
    <ClCompile Include="..\src\pool\unit.c">
      <Filter>src\pool</Filter>
    </ClCompile>
    <ClInclude Include="..\src\pool\unit.h">
      <Filter>src\pool</Filter>
    </ClInclude>
    <ClCompile Include="..\src\saveload\house.c">
      <Filter>src\saveload</Filter>
    </ClCompile>
    <ClCompile Include="..\src\saveload\info.c">
      <Filter>src\saveload</Filter>
    </ClCompile>
    <ClCompile Include="..\src\saveload\object.c">
      <Filter>src\saveload</Filter>
    </ClCompile>
    <ClCompile Include="..\src\saveload\saveload.c">
      <Filter>src\saveload</Filter>
    </ClCompile>
    <ClInclude Include="..\src\saveload\saveload.h">
      <Filter>src\saveload</Filter>
    </ClInclude>
    <ClCompile Include="..\src\saveload\scenario.c">
      <Filter>src\saveload</Filter>
    </ClCompile>
    <ClCompile Include="..\src\saveload\scriptengine.c">
      <Filter>src\saveload</Filter>
    </ClCompile>
    <ClCompile Include="..\src\saveload\structure.c">
      <Filter>src\saveload</Filter>
    </ClCompile>
    <ClCompile Include="..\src\saveload\team.c">
      <Filter>src\saveload</Filter>
    </ClCompile>
    <ClCompile Include="..\src\saveload\unit.c">
      <Filter>src\saveload</Filter>
    </ClCompile>
    <ClCompile Include="..\src\script\general.c">
      <Filter>src\script</Filter>
    </ClCompile>
    <ClCompile Include="..\src\script\script.c">
      <Filter>src\script</Filter>
    </ClCompile>
    <ClInclude Include="..\src\script\script.h">
      <Filter>src\script</Filter>
    </ClInclude>
    <ClCompile Include="..\src\script\structure.c">
      <Filter>src\script</Filter>
    </ClCompile>
    <ClCompile Include="..\src\script\team.c">
      <Filter>src\script</Filter>
    </ClCompile>
    <ClCompile Include="..\src\script\unit.c">
      <Filter>src\script</Filter>
    </ClCompile>
    <ClCompile Include="..\src\table\actioninfo.c">
      <Filter>src\table</Filter>
    </ClCompile>
    <ClCompile Include="..\src\table\animation.c">
      <Filter>src\table</Filter>
    </ClCompile>
    <ClCompile Include="..\src\table\explosion.c">
      <Filter>src\table</Filter>
    </ClCompile>
    <ClCompile Include="..\src\table\fileinfo.c">
      <Filter>src\table</Filter>
    </ClCompile>
    <ClCompile Include="..\src\table\houseanimation.c">
      <Filter>src\table</Filter>
    </ClCompile>
    <ClCompile Include="..\src\table\houseinfo.c">
      <Filter>src\table</Filter>
    </ClCompile>
    <ClCompile Include="..\src\table\landscapeinfo.c">
      <Filter>src\table</Filter>
    </ClCompile>
    <ClCompile Include="..\src\table\movementtype.c">
      <Filter>src\table</Filter>
    </ClCompile>
    <ClCompile Include="..\src\table\selectiontype.c">
      <Filter>src\table</Filter>
    </ClCompile>
    <ClCompile Include="..\src\table\sound.c">
      <Filter>src\table</Filter>
    </ClCompile>
    <ClInclude Include="..\src\table\strings.h">
      <Filter>src\table</Filter>
    </ClInclude>
    <ClCompile Include="..\src\table\structureinfo.c">
      <Filter>src\table</Filter>
    </ClCompile>
    <ClCompile Include="..\src\table\teamaction.c">
      <Filter>src\table</Filter>
    </ClCompile>
    <ClCompile Include="..\src\table\tilediff.c">
      <Filter>src\table</Filter>
    </ClCompile>
    <ClCompile Include="..\src\table\unitinfo.c">
      <Filter>src\table</Filter>
    </ClCompile>
    <ClCompile Include="..\src\table\widget.c">
      <Filter>src\table</Filter>
    </ClCompile>
    <ClCompile Include="..\src\table\widgetinfo.c">
      <Filter>src\table</Filter>
    </ClCompile>
    <ClCompile Include="..\src\table\windowdesc.c">
      <Filter>src\table</Filter>
    </ClCompile>
    <ClInclude Include="..\src\video\video.h">
      <Filter>src\video</Filter>
    </ClInclude>
    <ClCompile Include="..\src\video\video_sdl.c">
      <Filter>src\video</Filter>
    </ClCompile>
    <ClCompile Include="..\src\video\video_win32.c">
      <Filter>src\video</Filter>
    </ClCompile>
  </ItemGroup>
  <ItemGroup>
    <None Include="..\source.list" />
  </ItemGroup>
</Project>
